
Microsoft Visual Studio Solution File, Format Version 12.00
# Visual Studio Version 17
VisualStudioVersion = 17.7.34221.43
MinimumVisualStudioVersion = 10.0.40219.1
Project("{FAE04EC0-301F-11D3-BF4B-00C04F79EFBC}") = "TimeshareExchangeAPI", "TimeshareExchangeAPI\TimeshareExchangeAPI.csproj", "{475FB65A-C03D-4131-8161-3399E4ABCCFC}"
EndProject
Global
	GlobalSection(SolutionConfigurationPlatforms) = preSolution
		Debug|Any CPU = Debug|Any CPU
		Release|Any CPU = Release|Any CPU
	EndGlobalSection
	GlobalSection(ProjectConfigurationPlatforms) = postSolution
		{475FB65A-C03D-4131-8161-3399E4ABCCFC}.Debug|Any CPU.ActiveCfg = Debug|Any CPU
		{475FB65A-C03D-4131-8161-3399E4ABCCFC}.Debug|Any CPU.Build.0 = Debug|Any CPU
		{475FB65A-C03D-4131-8161-3399E4ABCCFC}.Release|Any CPU.ActiveCfg = Release|Any CPU
		{475FB65A-C03D-4131-8161-3399E4ABCCFC}.Release|Any CPU.Build.0 = Release|Any CPU
	EndGlobalSection
	GlobalSection(SolutionProperties) = preSolution
		HideSolutionNode = FALSE
	EndGlobalSection
	GlobalSection(ExtensibilityGlobals) = postSolution
		SolutionGuid = {06941656-711C-4084-BBD1-5CD764E43DB0}
	EndGlobalSection
EndGlobal
